
Microsoft Visual Studio Solution File, Format Version 12.00
# Visual Studio Version 16
VisualStudioVersion = 16.0.29326.143
MinimumVisualStudioVersion = 10.0.40219.1
Project("{FAE04EC0-301F-11D3-BF4B-00C04F79EFBC}") = "eShop.WebApp", "eShop.WebApp\eShop.WebApp.csproj", "{8943B398-E3E0-4A90-A7D7-DDCFB4859CB0}"
EndProject
Project("{2150E333-8FDC-42A3-9474-1A3956D46DE8}") = "Solution Items", "Solution Items", "{B4CA5A77-6E65-4C24-A8A1-BA0ED3050474}"
	ProjectSection(SolutionItems) = preProject
		README.md = README.md
	EndProjectSection
EndProject
Project("{FAE04EC0-301F-11D3-BF4B-00C04F79EFBC}") = "eShop.Data", "eShop.Data\eShop.Data.csproj", "{606330DD-A1BF-418F-8F77-97F063F6B05C}"
EndProject
Project("{FAE04EC0-301F-11D3-BF4B-00C04F79EFBC}") = "eShop.Application", "eShop.Application\eShop.Application.csproj", "{CE4939E8-C0A7-498D-995B-42F50DFCA4BE}"
EndProject
Global
	GlobalSection(SolutionConfigurationPlatforms) = preSolution
		Debug|Any CPU = Debug|Any CPU
		Release|Any CPU = Release|Any CPU
	EndGlobalSection
	GlobalSection(ProjectConfigurationPlatforms) = postSolution
		{8943B398-E3E0-4A90-A7D7-DDCFB4859CB0}.Debug|Any CPU.ActiveCfg = Debug|Any CPU
		{8943B398-E3E0-4A90-A7D7-DDCFB4859CB0}.Debug|Any CPU.Build.0 = Debug|Any CPU
		{8943B398-E3E0-4A90-A7D7-DDCFB4859CB0}.Release|Any CPU.ActiveCfg = Release|Any CPU
		{8943B398-E3E0-4A90-A7D7-DDCFB4859CB0}.Release|Any CPU.Build.0 = Release|Any CPU
		{606330DD-A1BF-418F-8F77-97F063F6B05C}.Debug|Any CPU.ActiveCfg = Debug|Any CPU
		{606330DD-A1BF-418F-8F77-97F063F6B05C}.Debug|Any CPU.Build.0 = Debug|Any CPU
		{606330DD-A1BF-418F-8F77-97F063F6B05C}.Release|Any CPU.ActiveCfg = Release|Any CPU
		{606330DD-A1BF-418F-8F77-97F063F6B05C}.Release|Any CPU.Build.0 = Release|Any CPU
		{CE4939E8-C0A7-498D-995B-42F50DFCA4BE}.Debug|Any CPU.ActiveCfg = Debug|Any CPU
		{CE4939E8-C0A7-498D-995B-42F50DFCA4BE}.Debug|Any CPU.Build.0 = Debug|Any CPU
		{CE4939E8-C0A7-498D-995B-42F50DFCA4BE}.Release|Any CPU.ActiveCfg = Release|Any CPU
		{CE4939E8-C0A7-498D-995B-42F50DFCA4BE}.Release|Any CPU.Build.0 = Release|Any CPU
	EndGlobalSection
	GlobalSection(SolutionProperties) = preSolution
		HideSolutionNode = FALSE
	EndGlobalSection
	GlobalSection(ExtensibilityGlobals) = postSolution
		SolutionGuid = {A384DDB8-2607-4529-87A9-AEE6DDCF0140}
	EndGlobalSection
EndGlobal
